
Microsoft Visual Studio Solution File, Format Version 12.00
# Visual Studio 15
Project("{FAE04EC0-301F-11D3-BF4B-00C04F79EFBC}") = "Assembly-CSharp-Editor", "Assembly-CSharp-Editor.csproj", "{339F66CE-CAFB-2F50-A8B4-BC93CE0C1053}"
EndProject
Project("{FAE04EC0-301F-11D3-BF4B-00C04F79EFBC}") = "Assembly-CSharp", "Assembly-CSharp.csproj", "{07E1B7F0-86C3-46BD-103D-305E822CE31C}"
EndProject
Global
	GlobalSection(SolutionConfigurationPlatforms) = preSolution
		Debug|Any CPU = Debug|Any CPU
		Release|Any CPU = Release|Any CPU
	EndGlobalSection
	GlobalSection(ProjectConfigurationPlatforms) = postSolution
		{339F66CE-CAFB-2F50-A8B4-BC93CE0C1053}.Debug|Any CPU.ActiveCfg = Debug|Any CPU
		{339F66CE-CAFB-2F50-A8B4-BC93CE0C1053}.Debug|Any CPU.Build.0 = Debug|Any CPU
		{339F66CE-CAFB-2F50-A8B4-BC93CE0C1053}.Release|Any CPU.ActiveCfg = Release|Any CPU
		{339F66CE-CAFB-2F50-A8B4-BC93CE0C1053}.Release|Any CPU.Build.0 = Release|Any CPU
		{07E1B7F0-86C3-46BD-103D-305E822CE31C}.Debug|Any CPU.ActiveCfg = Debug|Any CPU
		{07E1B7F0-86C3-46BD-103D-305E822CE31C}.Debug|Any CPU.Build.0 = Debug|Any CPU
		{07E1B7F0-86C3-46BD-103D-305E822CE31C}.Release|Any CPU.ActiveCfg = Release|Any CPU
		{07E1B7F0-86C3-46BD-103D-305E822CE31C}.Release|Any CPU.Build.0 = Release|Any CPU
	EndGlobalSection
	GlobalSection(SolutionProperties) = preSolution
		HideSolutionNode = FALSE
	EndGlobalSection
EndGlobal
